// !$*UTF8*$!
{
	archiveVersion = 1;
	classes = {
	};
	objectVersion = 46;
	objects = {

/* Begin PBXBuildFile section */
		D7F783CA1C10DD7800DAE825 /* AppDelegate.swift in Sources */ = {isa = PBXBuildFile; fileRef = D7F783C91C10DD7800DAE825 /* AppDelegate.swift */; };
		D7F783CC1C10DD7800DAE825 /* ViewController.swift in Sources */ = {isa = PBXBuildFile; fileRef = D7F783CB1C10DD7800DAE825 /* ViewController.swift */; };
		D7F783CF1C10DD7800DAE825 /* Main.storyboard in Resources */ = {isa = PBXBuildFile; fileRef = D7F783CD1C10DD7800DAE825 /* Main.storyboard */; };
		D7F783D11C10DD7800DAE825 /* Assets.xcassets in Resources */ = {isa = PBXBuildFile; fileRef = D7F783D01C10DD7800DAE825 /* Assets.xcassets */; };
		D7F783D41C10DD7800DAE825 /* LaunchScreen.storyboard in Resources */ = {isa = PBXBuildFile; fileRef = D7F783D21C10DD7800DAE825 /* LaunchScreen.storyboard */; };
		D7F783DF1C10DD7800DAE825 /* WordPlayAppTests.swift in Sources */ = {isa = PBXBuildFile; fileRef = D7F783DE1C10DD7800DAE825 /* WordPlayAppTests.swift */; };
		D7F783EA1C10DD7800DAE825 /* WordPlayAppUITests.swift in Sources */ = {isa = PBXBuildFile; fileRef = D7F783E91C10DD7800DAE825 /* WordPlayAppUITests.swift */; };
/* End PBXBuildFile section */

/* Begin PBXContainerItemProxy section */
		D7F783DB1C10DD7800DAE825 /* PBXContainerItemProxy */ = {
			isa = PBXContainerItemProxy;
			containerPortal = D7F783BE1C10DD7800DAE825 /* Project object */;
			proxyType = 1;
			remoteGlobalIDString = D7F783C51C10DD7800DAE825;
			remoteInfo = WordPlayApp;
		};
		D7F783E61C10DD7800DAE825 /* PBXContainerItemProxy */ = {
			isa = PBXContainerItemProxy;
			containerPortal = D7F783BE1C10DD7800DAE825 /* Project object */;
			proxyType = 1;
			remoteGlobalIDString = D7F783C51C10DD7800DAE825;
			remoteInfo = WordPlayApp;
		};
/* End PBXContainerItemProxy section */

/* Begin PBXFileReference section */
		D7F783C61C10DD7800DAE825 /* WordPlayApp.app */ = {isa = PBXFileReference; explicitFileType = wrapper.application; includeInIndex = 0; path = WordPlayApp.app; sourceTree = BUILT_PRODUCTS_DIR; };
		D7F783C91C10DD7800DAE825 /* AppDelegate.swift */ = {isa = PBXFileReference; lastKnownFileType = sourcecode.swift; path = AppDelegate.swift; sourceTree = "<group>"; };
		D7F783CB1C10DD7800DAE825 /* ViewController.swift */ = {isa = PBXFileReference; lastKnownFileType = sourcecode.swift; path = ViewController.swift; sourceTree = "<group>"; };
		D7F783CE1C10DD7800DAE825 /* Base */ = {isa = PBXFileReference; lastKnownFileType = file.storyboard; name = Base; path = Base.lproj/Main.storyboard; sourceTree = "<group>"; };
		D7F783D01C10DD7800DAE825 /* Assets.xcassets */ = {isa = PBXFileReference; lastKnownFileType = folder.assetcatalog; path = Assets.xcassets; sourceTree = "<group>"; };
		D7F783D31C10DD7800DAE825 /* Base */ = {isa = PBXFileReference; lastKnownFileType = file.storyboard; name = Base; path = Base.lproj/LaunchScreen.storyboard; sourceTree = "<group>"; };
		D7F783D51C10DD7800DAE825 /* Info.plist */ = {isa = PBXFileReference; lastKnownFileType = text.plist.xml; path = Info.plist; sourceTree = "<group>"; };
		D7F783DA1C10DD7800DAE825 /* WordPlayAppTests.xctest */ = {isa = PBXFileReference; explicitFileType = wrapper.cfbundle; includeInIndex = 0; path = WordPlayAppTests.xctest; sourceTree = BUILT_PRODUCTS_DIR; };
		D7F783DE1C10DD7800DAE825 /* WordPlayAppTests.swift */ = {isa = PBXFileReference; lastKnownFileType = sourcecode.swift; path = WordPlayAppTests.swift; sourceTree = "<group>"; };
		D7F783E01C10DD7800DAE825 /* Info.plist */ = {isa = PBXFileReference; lastKnownFileType = text.plist.xml; path = Info.plist; sourceTree = "<group>"; };
		D7F783E51C10DD7800DAE825 /* WordPlayAppUITests.xctest */ = {isa = PBXFileReference; explicitFileType = wrapper.cfbundle; includeInIndex = 0; path = WordPlayAppUITests.xctest; sourceTree = BUILT_PRODUCTS_DIR; };
		D7F783E91C10DD7800DAE825 /* WordPlayAppUITests.swift */ = {isa = PBXFileReference; lastKnownFileType = sourcecode.swift; path = WordPlayAppUITests.swift; sourceTree = "<group>"; };
		D7F783EB1C10DD7800DAE825 /* Info.plist */ = {isa = PBXFileReference; lastKnownFileType = text.plist.xml; path = Info.plist; sourceTree = "<group>"; };
/* End PBXFileReference section */

/* Begin PBXFrameworksBuildPhase section */
		D7F783C31C10DD7800DAE825 /* Frameworks */ = {
			isa = PBXFrameworksBuildPhase;
			buildActionMask = 2147483647;
			files = (
			);
			runOnlyForDeploymentPostprocessing = 0;
		};
		D7F783D71C10DD7800DAE825 /* Frameworks */ = {
			isa = PBXFrameworksBuildPhase;
			buildActionMask = 2147483647;
			files = (
			);
			runOnlyForDeploymentPostprocessing = 0;
		};
		D7F783E21C10DD7800DAE825 /* Frameworks */ = {
			isa = PBXFrameworksBuildPhase;
			buildActionMask = 2147483647;
			files = (
			);
			runOnlyForDeploymentPostprocessing = 0;
		};
/* End PBXFrameworksBuildPhase section */

/* Begin PBXGroup section */
		D7F783BD1C10DD7800DAE825 = {
			isa = PBXGroup;
			children = (
				D7F783C81C10DD7800DAE825 /* WordPlayApp */,
				D7F783DD1C10DD7800DAE825 /* WordPlayAppTests */,
				D7F783E81C10DD7800DAE825 /* WordPlayAppUITests */,
				D7F783C71C10DD7800DAE825 /* Products */,
			);
			sourceTree = "<group>";
		};
		D7F783C71C10DD7800DAE825 /* Products */ = {
			isa = PBXGroup;
			children = (
				D7F783C61C10DD7800DAE825 /* WordPlayApp.app */,
				D7F783DA1C10DD7800DAE825 /* WordPlayAppTests.xctest */,
				D7F783E51C10DD7800DAE825 /* WordPlayAppUITests.xctest */,
			);
			name = Products;
			sourceTree = "<group>";
		};
		D7F783C81C10DD7800DAE825 /* WordPlayApp */ = {
			isa = PBXGroup;
			children = (
				D7F783C91C10DD7800DAE825 /* AppDelegate.swift */,
				D7F783CB1C10DD7800DAE825 /* ViewController.swift */,
				D7F783CD1C10DD7800DAE825 /* Main.storyboard */,
				D7F783D01C10DD7800DAE825 /* Assets.xcassets */,
				D7F783D21C10DD7800DAE825 /* LaunchScreen.storyboard */,
				D7F783D51C10DD7800DAE825 /* Info.plist */,
			);
			path = WordPlayApp;
			sourceTree = "<group>";
		};
		D7F783DD1C10DD7800DAE825 /* WordPlayAppTests */ = {
			isa = PBXGroup;
			children = (
				D7F783DE1C10DD7800DAE825 /* WordPlayAppTests.swift */,
				D7F783E01C10DD7800DAE825 /* Info.plist */,
			);
			path = WordPlayAppTests;
			sourceTree = "<group>";
		};
		D7F783E81C10DD7800DAE825 /* WordPlayAppUITests */ = {
			isa = PBXGroup;
			children = (
				D7F783E91C10DD7800DAE825 /* WordPlayAppUITests.swift */,
				D7F783EB1C10DD7800DAE825 /* Info.plist */,
			);
			path = WordPlayAppUITests;
			sourceTree = "<group>";
		};
/* End PBXGroup section */

/* Begin PBXNativeTarget section */
		D7F783C51C10DD7800DAE825 /* WordPlayApp */ = {
			isa = PBXNativeTarget;
			buildConfigurationList = D7F783EE1C10DD7800DAE825 /* Build configuration list for PBXNativeTarget "WordPlayApp" */;
			buildPhases = (
				D7F783C21C10DD7800DAE825 /* Sources */,
				D7F783C31C10DD7800DAE825 /* Frameworks */,
				D7F783C41C10DD7800DAE825 /* Resources */,
			);
			buildRules = (
			);
			dependencies = (
			);
			name = WordPlayApp;
			productName = WordPlayApp;
			productReference = D7F783C61C10DD7800DAE825 /* WordPlayApp.app */;
			productType = "com.apple.product-type.application";
		};
		D7F783D91C10DD7800DAE825 /* WordPlayAppTests */ = {
			isa = PBXNativeTarget;
			buildConfigurationList = D7F783F11C10DD7800DAE825 /* Build configuration list for PBXNativeTarget "WordPlayAppTests" */;
			buildPhases = (
				D7F783D61C10DD7800DAE825 /* Sources */,
				D7F783D71C10DD7800DAE825 /* Frameworks */,
				D7F783D81C10DD7800DAE825 /* Resources */,
			);
			buildRules = (
			);
			dependencies = (
				D7F783DC1C10DD7800DAE825 /* PBXTargetDependency */,
			);
			name = WordPlayAppTests;
			productName = WordPlayAppTests;
			productReference = D7F783DA1C10DD7800DAE825 /* WordPlayAppTests.xctest */;
			productType = "com.apple.product-type.bundle.unit-test";
		};
		D7F783E41C10DD7800DAE825 /* WordPlayAppUITests */ = {
			isa = PBXNativeTarget;
			buildConfigurationList = D7F783F41C10DD7800DAE825 /* Build configuration list for PBXNativeTarget "WordPlayAppUITests" */;
			buildPhases = (
				D7F783E11C10DD7800DAE825 /* Sources */,
				D7F783E21C10DD7800DAE825 /* Frameworks */,
				D7F783E31C10DD7800DAE825 /* Resources */,
			);
			buildRules = (
			);
			dependencies = (
				D7F783E71C10DD7800DAE825 /* PBXTargetDependency */,
			);
			name = WordPlayAppUITests;
			productName = WordPlayAppUITests;
			productReference = D7F783E51C10DD7800DAE825 /* WordPlayAppUITests.xctest */;
			productType = "com.apple.product-type.bundle.ui-testing";
		};
/* End PBXNativeTarget section */

/* Begin PBXProject section */
		D7F783BE1C10DD7800DAE825 /* Project object */ = {
			isa = PBXProject;
			attributes = {
				LastSwiftUpdateCheck = 0710;
				LastUpgradeCheck = 0710;
				ORGANIZATIONNAME = JohnHerseyHighSchool;
				TargetAttributes = {
					D7F783C51C10DD7800DAE825 = {
						CreatedOnToolsVersion = 7.1;
					};
					D7F783D91C10DD7800DAE825 = {
						CreatedOnToolsVersion = 7.1;
						TestTargetID = D7F783C51C10DD7800DAE825;
					};
					D7F783E41C10DD7800DAE825 = {
						CreatedOnToolsVersion = 7.1;
						TestTargetID = D7F783C51C10DD7800DAE825;
					};
				};
			};
			buildConfigurationList = D7F783C11C10DD7800DAE825 /* Build configuration list for PBXProject "WordPlayApp" */;
			compatibilityVersion = "Xcode 3.2";
			developmentRegion = English;
			hasScannedForEncodings = 0;
			knownRegions = (
				en,
				Base,
			);
			mainGroup = D7F783BD1C10DD7800DAE825;
			productRefGroup = D7F783C71C10DD7800DAE825 /* Products */;
			projectDirPath = "";
			projectRoot = "";
			targets = (
				D7F783C51C10DD7800DAE825 /* WordPlayApp */,
				D7F783D91C10DD7800DAE825 /* WordPlayAppTests */,
				D7F783E41C10DD7800DAE825 /* WordPlayAppUITests */,
			);
		};
/* End PBXProject section */

/* Begin PBXResourcesBuildPhase section */
		D7F783C41C10DD7800DAE825 /* Resources */ = {
			isa = PBXResourcesBuildPhase;
			buildActionMask = 2147483647;
			files = (
				D7F783D41C10DD7800DAE825 /* LaunchScreen.storyboard in Resources */,
				D7F783D11C10DD7800DAE825 /* Assets.xcassets in Resources */,
				D7F783CF1C10DD7800DAE825 /* Main.storyboard in Resources */,
			);
			runOnlyForDeploymentPostprocessing = 0;
		};
		D7F783D81C10DD7800DAE825 /* Resources */ = {
			isa = PBXResourcesBuildPhase;
			buildActionMask = 2147483647;
			files = (
			);
			runOnlyForDeploymentPostprocessing = 0;
		};
		D7F783E31C10DD7800DAE825 /* Resources */ = {
			isa = PBXResourcesBuildPhase;
			buildActionMask = 2147483647;
			files = (
			);
			runOnlyForDeploymentPostprocessing = 0;
		};
/* End PBXResourcesBuildPhase section */

/* Begin PBXSourcesBuildPhase section */
		D7F783C21C10DD7800DAE825 /* Sources */ = {
			isa = PBXSourcesBuildPhase;
			buildActionMask = 2147483647;
			files = (
				D7F783CC1C10DD7800DAE825 /* ViewController.swift in Sources */,
				D7F783CA1C10DD7800DAE825 /* AppDelegate.swift in Sources */,
			);
			runOnlyForDeploymentPostprocessing = 0;
		};
		D7F783D61C10DD7800DAE825 /* Sources */ = {
			isa = PBXSourcesBuildPhase;
			buildActionMask = 2147483647;
			files = (
				D7F783DF1C10DD7800DAE825 /* WordPlayAppTests.swift in Sources */,
			);
			runOnlyForDeploymentPostprocessing = 0;
		};
		D7F783E11C10DD7800DAE825 /* Sources */ = {
			isa = PBXSourcesBuildPhase;
			buildActionMask = 2147483647;
			files = (
				D7F783EA1C10DD7800DAE825 /* WordPlayAppUITests.swift in Sources */,
			);
			runOnlyForDeploymentPostprocessing = 0;
		};
/* End PBXSourcesBuildPhase section */

/* Begin PBXTargetDependency section */
		D7F783DC1C10DD7800DAE825 /* PBXTargetDependency */ = {
			isa = PBXTargetDependency;
			target = D7F783C51C10DD7800DAE825 /* WordPlayApp */;
			targetProxy = D7F783DB1C10DD7800DAE825 /* PBXContainerItemProxy */;
		};
		D7F783E71C10DD7800DAE825 /* PBXTargetDependency */ = {
			isa = PBXTargetDependency;
			target = D7F783C51C10DD7800DAE825 /* WordPlayApp */;
			targetProxy = D7F783E61C10DD7800DAE825 /* PBXContainerItemProxy */;
		};
/* End PBXTargetDependency section */

/* Begin PBXVariantGroup section */
		D7F783CD1C10DD7800DAE825 /* Main.storyboard */ = {
			isa = PBXVariantGroup;
			children = (
				D7F783CE1C10DD7800DAE825 /* Base */,
			);
			name = Main.storyboard;
			sourceTree = "<group>";
		};
		D7F783D21C10DD7800DAE825 /* LaunchScreen.storyboard */ = {
			isa = PBXVariantGroup;
			children = (
				D7F783D31C10DD7800DAE825 /* Base */,
			);
			name = LaunchScreen.storyboard;
			sourceTree = "<group>";
		};
/* End PBXVariantGroup section */

/* Begin XCBuildConfiguration section */
		D7F783EC1C10DD7800DAE825 /* Debug */ = {
			isa = XCBuildConfiguration;
			buildSettings = {
				ALWAYS_SEARCH_USER_PATHS = NO;
				CLANG_CXX_LANGUAGE_STANDARD = "gnu++0x";
				CLANG_CXX_LIBRARY = "libc++";
				CLANG_ENABLE_MODULES = YES;
				CLANG_ENABLE_OBJC_ARC = YES;
				CLANG_WARN_BOOL_CONVERSION = YES;
				CLANG_WARN_CONSTANT_CONVERSION = YES;
				CLANG_WARN_DIRECT_OBJC_ISA_USAGE = YES_ERROR;
				CLANG_WARN_EMPTY_BODY = YES;
				CLANG_WARN_ENUM_CONVERSION = YES;
				CLANG_WARN_INT_CONVERSION = YES;
				CLANG_WARN_OBJC_ROOT_CLASS = YES_ERROR;
				CLANG_WARN_UNREACHABLE_CODE = YES;
				CLANG_WARN__DUPLICATE_METHOD_MATCH = YES;
				"CODE_SIGN_IDENTITY[sdk=iphoneos*]" = "iPhone Developer";
				COPY_PHASE_STRIP = NO;
				DEBUG_INFORMATION_FORMAT = dwarf;
				ENABLE_STRICT_OBJC_MSGSEND = YES;
				ENABLE_TESTABILITY = YES;
				GCC_C_LANGUAGE_STANDARD = gnu99;
				GCC_DYNAMIC_NO_PIC = NO;
				GCC_NO_COMMON_BLOCKS = YES;
				GCC_OPTIMIZATION_LEVEL = 0;
				GCC_PREPROCESSOR_DEFINITIONS = (
					"DEBUG=1",
					"$(inherited)",
				);
				GCC_WARN_64_TO_32_BIT_CONVERSION = YES;
				GCC_WARN_ABOUT_RETURN_TYPE = YES_ERROR;
				GCC_WARN_UNDECLARED_SELECTOR = YES;
				GCC_WARN_UNINITIALIZED_AUTOS = YES_AGGRESSIVE;
				GCC_WARN_UNUSED_FUNCTION = YES;
				GCC_WARN_UNUSED_VARIABLE = YES;
				IPHONEOS_DEPLOYMENT_TARGET = 9.1;
				MTL_ENABLE_DEBUG_INFO = YES;
				ONLY_ACTIVE_ARCH = YES;
				SDKROOT = iphoneos;
				SWIFT_OPTIMIZATION_LEVEL = "-Onone";
				TARGETED_DEVICE_FAMILY = "1,2";
			};
			name = Debug;
		};
		D7F783ED1C10DD7800DAE825 /* Release */ = {
			isa = XCBuildConfiguration;
			buildSettings = {
				ALWAYS_SEARCH_USER_PATHS = NO;
				CLANG_CXX_LANGUAGE_STANDARD = "gnu++0x";
				CLANG_CXX_LIBRARY = "libc++";
				CLANG_ENABLE_MODULES = YES;
				CLANG_ENABLE_OBJC_ARC = YES;
				CLANG_WARN_BOOL_CONVERSION = YES;
				CLANG_WARN_CONSTANT_CONVERSION = YES;
				CLANG_WARN_DIRECT_OBJC_ISA_USAGE = YES_ERROR;
				CLANG_WARN_EMPTY_BODY = YES;
				CLANG_WARN_ENUM_CONVERSION = YES;
				CLANG_WARN_INT_CONVERSION = YES;
				CLANG_WARN_OBJC_ROOT_CLASS = YES_ERROR;
				CLANG_WARN_UNREACHABLE_CODE = YES;
				CLANG_WARN__DUPLICATE_METHOD_MATCH = YES;
				"CODE_SIGN_IDENTITY[sdk=iphoneos*]" = "iPhone Developer";
				COPY_PHASE_STRIP = NO;
				DEBUG_INFORMATION_FORMAT = "dwarf-with-dsym";
				ENABLE_NS_ASSERTIONS = NO;
				ENABLE_STRICT_OBJC_MSGSEND = YES;
				GCC_C_LANGUAGE_STANDARD = gnu99;
				GCC_NO_COMMON_BLOCKS = YES;
				GCC_WARN_64_TO_32_BIT_CONVERSION = YES;
				GCC_WARN_ABOUT_RETURN_TYPE = YES_ERROR;
				GCC_WARN_UNDECLARED_SELECTOR = YES;
				GCC_WARN_UNINITIALIZED_AUTOS = YES_AGGRESSIVE;
				GCC_WARN_UNUSED_FUNCTION = YES;
				GCC_WARN_UNUSED_VARIABLE = YES;
				IPHONEOS_DEPLOYMENT_TARGET = 9.1;
				MTL_ENABLE_DEBUG_INFO = NO;
				SDKROOT = iphoneos;
				TARGETED_DEVICE_FAMILY = "1,2";
				VALIDATE_PRODUCT = YES;
			};
			name = Release;
		};
		D7F783EF1C10DD7800DAE825 /* Debug */ = {
			isa = XCBuildConfiguration;
			buildSettings = {
				ASSETCATALOG_COMPILER_APPICON_NAME = AppIcon;
				INFOPLIST_FILE = WordPlayApp/Info.plist;
				LD_RUNPATH_SEARCH_PATHS = "$(inherited) @executable_path/Frameworks";
				PRODUCT_BUNDLE_IDENTIFIER = JHHS.WordPlayApp;
				PRODUCT_NAME = "$(TARGET_NAME)";
			};
			name = Debug;
		};
		D7F783F01C10DD7800DAE825 /* Release */ = {
			isa = XCBuildConfiguration;
			buildSettings = {
				ASSETCATALOG_COMPILER_APPICON_NAME = AppIcon;
				INFOPLIST_FILE = WordPlayApp/Info.plist;
				LD_RUNPATH_SEARCH_PATHS = "$(inherited) @executable_path/Frameworks";
				PRODUCT_BUNDLE_IDENTIFIER = JHHS.WordPlayApp;
				PRODUCT_NAME = "$(TARGET_NAME)";
			};
			name = Release;
		};
		D7F783F21C10DD7800DAE825 /* Debug */ = {
			isa = XCBuildConfiguration;
			buildSettings = {
				BUNDLE_LOADER = "$(TEST_HOST)";
				INFOPLIST_FILE = WordPlayAppTests/Info.plist;
				LD_RUNPATH_SEARCH_PATHS = "$(inherited) @executable_path/Frameworks @loader_path/Frameworks";
				PRODUCT_BUNDLE_IDENTIFIER = JHHS.WordPlayAppTests;
				PRODUCT_NAME = "$(TARGET_NAME)";
				TEST_HOST = "$(BUILT_PRODUCTS_DIR)/WordPlayApp.app/WordPlayApp";
			};
			name = Debug;
		};
		D7F783F31C10DD7800DAE825 /* Release */ = {
			isa = XCBuildConfiguration;
			buildSettings = {
				BUNDLE_LOADER = "$(TEST_HOST)";
				INFOPLIST_FILE = WordPlayAppTests/Info.plist;
				LD_RUNPATH_SEARCH_PATHS = "$(inherited) @executable_path/Frameworks @loader_path/Frameworks";
				PRODUCT_BUNDLE_IDENTIFIER = JHHS.WordPlayAppTests;
				PRODUCT_NAME = "$(TARGET_NAME)";
				TEST_HOST = "$(BUILT_PRODUCTS_DIR)/WordPlayApp.app/WordPlayApp";
			};
			name = Release;
		};
		D7F783F51C10DD7800DAE825 /* Debug */ = {
			isa = XCBuildConfiguration;
			buildSettings = {
				INFOPLIST_FILE = WordPlayAppUITests/Info.plist;
				LD_RUNPATH_SEARCH_PATHS = "$(inherited) @executable_path/Frameworks @loader_path/Frameworks";
				PRODUCT_BUNDLE_IDENTIFIER = JHHS.WordPlayAppUITests;
				PRODUCT_NAME = "$(TARGET_NAME)";
				TEST_TARGET_NAME = WordPlayApp;
				USES_XCTRUNNER = YES;
			};
			name = Debug;
		};
		D7F783F61C10DD7800DAE825 /* Release */ = {
			isa = XCBuildConfiguration;
			buildSettings = {
				INFOPLIST_FILE = WordPlayAppUITests/Info.plist;
				LD_RUNPATH_SEARCH_PATHS = "$(inherited) @executable_path/Frameworks @loader_path/Frameworks";
				PRODUCT_BUNDLE_IDENTIFIER = JHHS.WordPlayAppUITests;
				PRODUCT_NAME = "$(TARGET_NAME)";
				TEST_TARGET_NAME = WordPlayApp;
				USES_XCTRUNNER = YES;
			};
			name = Release;
		};
/* End XCBuildConfiguration section */

/* Begin XCConfigurationList section */
		D7F783C11C10DD7800DAE825 /* Build configuration list for PBXProject "WordPlayApp" */ = {
			isa = XCConfigurationList;
			buildConfigurations = (
				D7F783EC1C10DD7800DAE825 /* Debug */,
				D7F783ED1C10DD7800DAE825 /* Release */,
			);
			defaultConfigurationIsVisible = 0;
			defaultConfigurationName = Release;
		};
		D7F783EE1C10DD7800DAE825 /* Build configuration list for PBXNativeTarget "WordPlayApp" */ = {
			isa = XCConfigurationList;
			buildConfigurations = (
				D7F783EF1C10DD7800DAE825 /* Debug */,
				D7F783F01C10DD7800DAE825 /* Release */,
			);
			defaultConfigurationIsVisible = 0;
		};
		D7F783F11C10DD7800DAE825 /* Build configuration list for PBXNativeTarget "WordPlayAppTests" */ = {
			isa = XCConfigurationList;
			buildConfigurations = (
				D7F783F21C10DD7800DAE825 /* Debug */,
				D7F783F31C10DD7800DAE825 /* Release */,
			);
			defaultConfigurationIsVisible = 0;
		};
		D7F783F41C10DD7800DAE825 /* Build configuration list for PBXNativeTarget "WordPlayAppUITests" */ = {
			isa = XCConfigurationList;
			buildConfigurations = (
				D7F783F51C10DD7800DAE825 /* Debug */,
				D7F783F61C10DD7800DAE825 /* Release */,
			);
			defaultConfigurationIsVisible = 0;
		};
/* End XCConfigurationList section */
	};
	rootObject = D7F783BE1C10DD7800DAE825 /* Project object */;
}
